
Microsoft Visual Studio Solution File, Format Version 12.00
# Visual Studio Version 16
VisualStudioVersion = 16.0.31515.178
MinimumVisualStudioVersion = 10.0.40219.1
Project("{FAE04EC0-301F-11D3-BF4B-00C04F79EFBC}") = "NoteBook", "NateBook\NoteBook.csproj", "{15851614-8AD4-4AA2-8DE3-DD7E5DC4F4A2}"
EndProject
Project("{54435603-DBB4-11D2-8724-00A0C9A8B90C}") = "Install", "Install\Install.vdproj", "{F1433561-BF02-4E9D-ABF6-8E7D07EC11B5}"
EndProject
Global
	GlobalSection(SolutionConfigurationPlatforms) = preSolution
		Debug|Any CPU = Debug|Any CPU
		Release|Any CPU = Release|Any CPU
	EndGlobalSection
	GlobalSection(ProjectConfigurationPlatforms) = postSolution
		{15851614-8AD4-4AA2-8DE3-DD7E5DC4F4A2}.Debug|Any CPU.ActiveCfg = Debug|Any CPU
		{15851614-8AD4-4AA2-8DE3-DD7E5DC4F4A2}.Debug|Any CPU.Build.0 = Debug|Any CPU
		{15851614-8AD4-4AA2-8DE3-DD7E5DC4F4A2}.Release|Any CPU.ActiveCfg = Release|Any CPU
		{15851614-8AD4-4AA2-8DE3-DD7E5DC4F4A2}.Release|Any CPU.Build.0 = Release|Any CPU
		{F1433561-BF02-4E9D-ABF6-8E7D07EC11B5}.Debug|Any CPU.ActiveCfg = Debug
		{F1433561-BF02-4E9D-ABF6-8E7D07EC11B5}.Release|Any CPU.ActiveCfg = Release
	EndGlobalSection
	GlobalSection(SolutionProperties) = preSolution
		HideSolutionNode = FALSE
	EndGlobalSection
	GlobalSection(ExtensibilityGlobals) = postSolution
		SolutionGuid = {F13E1FC4-F131-4FCF-9C7B-4BC9F3985F37}
	EndGlobalSection
EndGlobal
